
Microsoft Visual Studio Solution File, Format Version 12.00
# Visual Studio 2012
Project("{8BC9CEB8-8B4A-11D0-8D11-00A0C91BC942}") = "ChickenGame", "ChickenGame\ChickenGame.vcxproj", "{91947EB7-6DA9-41D4-8789-21DE91439DD8}"
EndProject
Global
	GlobalSection(SolutionConfigurationPlatforms) = preSolution
		Debug|Win32 = Debug|Win32
		Release|Win32 = Release|Win32
	EndGlobalSection
	GlobalSection(ProjectConfigurationPlatforms) = postSolution
		{91947EB7-6DA9-41D4-8789-21DE91439DD8}.Debug|Win32.ActiveCfg = Debug|Win32
		{91947EB7-6DA9-41D4-8789-21DE91439DD8}.Debug|Win32.Build.0 = Debug|Win32
		{91947EB7-6DA9-41D4-8789-21DE91439DD8}.Release|Win32.ActiveCfg = Release|Win32
		{91947EB7-6DA9-41D4-8789-21DE91439DD8}.Release|Win32.Build.0 = Release|Win32
	EndGlobalSection
	GlobalSection(SolutionProperties) = preSolution
		HideSolutionNode = FALSE
	EndGlobalSection
EndGlobal
